// !$*UTF8*$!
{
	archiveVersion = 1;
	classes = {
	};
	objectVersion = 46;
	objects = {

/* Begin PBXBuildFile section */
		C8ACE3761A2CFFC700F968CD /* AppDelegate.swift in Sources */ = {isa = PBXBuildFile; fileRef = C8ACE3751A2CFFC700F968CD /* AppDelegate.swift */; };
		C8ACE3781A2CFFC700F968CD /* KRWMapViewController.swift in Sources */ = {isa = PBXBuildFile; fileRef = C8ACE3771A2CFFC700F968CD /* KRWMapViewController.swift */; };
		C8ACE37B1A2CFFC700F968CD /* Main.storyboard in Resources */ = {isa = PBXBuildFile; fileRef = C8ACE3791A2CFFC700F968CD /* Main.storyboard */; };
		C8ACE37D1A2CFFC700F968CD /* Images.xcassets in Resources */ = {isa = PBXBuildFile; fileRef = C8ACE37C1A2CFFC700F968CD /* Images.xcassets */; };
		C8ACE3801A2CFFC700F968CD /* LaunchScreen.xib in Resources */ = {isa = PBXBuildFile; fileRef = C8ACE37E1A2CFFC700F968CD /* LaunchScreen.xib */; };
		C8ACE38C1A2CFFC700F968CD /* SpotTests.swift in Sources */ = {isa = PBXBuildFile; fileRef = C8ACE38B1A2CFFC700F968CD /* SpotTests.swift */; };
		C8FAC9BC1A308CBA0009FE85 /* MapKit.framework in Frameworks */ = {isa = PBXBuildFile; fileRef = C8FAC9BB1A308CBA0009FE85 /* MapKit.framework */; };
		C8FAC9BE1A308E2A0009FE85 /* CoreLocation.framework in Frameworks */ = {isa = PBXBuildFile; fileRef = C8FAC9BD1A308E2A0009FE85 /* CoreLocation.framework */; };
/* End PBXBuildFile section */

/* Begin PBXContainerItemProxy section */
		C8ACE3861A2CFFC700F968CD /* PBXContainerItemProxy */ = {
			isa = PBXContainerItemProxy;
			containerPortal = C8ACE3681A2CFFC700F968CD /* Project object */;
			proxyType = 1;
			remoteGlobalIDString = C8ACE36F1A2CFFC700F968CD;
			remoteInfo = Spot;
		};
/* End PBXContainerItemProxy section */

/* Begin PBXFileReference section */
		C8ACE3701A2CFFC700F968CD /* Spot.app */ = {isa = PBXFileReference; explicitFileType = wrapper.application; includeInIndex = 0; path = Spot.app; sourceTree = BUILT_PRODUCTS_DIR; };
		C8ACE3741A2CFFC700F968CD /* Info.plist */ = {isa = PBXFileReference; lastKnownFileType = text.plist.xml; path = Info.plist; sourceTree = "<group>"; };
		C8ACE3751A2CFFC700F968CD /* AppDelegate.swift */ = {isa = PBXFileReference; lastKnownFileType = sourcecode.swift; path = AppDelegate.swift; sourceTree = "<group>"; };
		C8ACE3771A2CFFC700F968CD /* KRWMapViewController.swift */ = {isa = PBXFileReference; lastKnownFileType = sourcecode.swift; path = KRWMapViewController.swift; sourceTree = "<group>"; };
		C8ACE37A1A2CFFC700F968CD /* Base */ = {isa = PBXFileReference; lastKnownFileType = file.storyboard; name = Base; path = Base.lproj/Main.storyboard; sourceTree = "<group>"; };
		C8ACE37C1A2CFFC700F968CD /* Images.xcassets */ = {isa = PBXFileReference; lastKnownFileType = folder.assetcatalog; path = Images.xcassets; sourceTree = "<group>"; };
		C8ACE37F1A2CFFC700F968CD /* Base */ = {isa = PBXFileReference; lastKnownFileType = file.xib; name = Base; path = Base.lproj/LaunchScreen.xib; sourceTree = "<group>"; };
		C8ACE3851A2CFFC700F968CD /* SpotTests.xctest */ = {isa = PBXFileReference; explicitFileType = wrapper.cfbundle; includeInIndex = 0; path = SpotTests.xctest; sourceTree = BUILT_PRODUCTS_DIR; };
		C8ACE38A1A2CFFC700F968CD /* Info.plist */ = {isa = PBXFileReference; lastKnownFileType = text.plist.xml; path = Info.plist; sourceTree = "<group>"; };
		C8ACE38B1A2CFFC700F968CD /* SpotTests.swift */ = {isa = PBXFileReference; lastKnownFileType = sourcecode.swift; path = SpotTests.swift; sourceTree = "<group>"; };
		C8FAC9BB1A308CBA0009FE85 /* MapKit.framework */ = {isa = PBXFileReference; lastKnownFileType = wrapper.framework; name = MapKit.framework; path = System/Library/Frameworks/MapKit.framework; sourceTree = SDKROOT; };
		C8FAC9BD1A308E2A0009FE85 /* CoreLocation.framework */ = {isa = PBXFileReference; lastKnownFileType = wrapper.framework; name = CoreLocation.framework; path = System/Library/Frameworks/CoreLocation.framework; sourceTree = SDKROOT; };
/* End PBXFileReference section */

/* Begin PBXFrameworksBuildPhase section */
		C8ACE36D1A2CFFC700F968CD /* Frameworks */ = {
			isa = PBXFrameworksBuildPhase;
			buildActionMask = 2147483647;
			files = (
				C8FAC9BE1A308E2A0009FE85 /* CoreLocation.framework in Frameworks */,
				C8FAC9BC1A308CBA0009FE85 /* MapKit.framework in Frameworks */,
			);
			runOnlyForDeploymentPostprocessing = 0;
		};
		C8ACE3821A2CFFC700F968CD /* Frameworks */ = {
			isa = PBXFrameworksBuildPhase;
			buildActionMask = 2147483647;
			files = (
			);
			runOnlyForDeploymentPostprocessing = 0;
		};
/* End PBXFrameworksBuildPhase section */

/* Begin PBXGroup section */
		C8ACE3671A2CFFC700F968CD = {
			isa = PBXGroup;
			children = (
				C8FAC9BD1A308E2A0009FE85 /* CoreLocation.framework */,
				C8FAC9BB1A308CBA0009FE85 /* MapKit.framework */,
				C8ACE3721A2CFFC700F968CD /* Spot */,
				C8ACE3881A2CFFC700F968CD /* SpotTests */,
				C8ACE3711A2CFFC700F968CD /* Products */,
			);
			sourceTree = "<group>";
		};
		C8ACE3711A2CFFC700F968CD /* Products */ = {
			isa = PBXGroup;
			children = (
				C8ACE3701A2CFFC700F968CD /* Spot.app */,
				C8ACE3851A2CFFC700F968CD /* SpotTests.xctest */,
			);
			name = Products;
			sourceTree = "<group>";
		};
		C8ACE3721A2CFFC700F968CD /* Spot */ = {
			isa = PBXGroup;
			children = (
				C8ACE3751A2CFFC700F968CD /* AppDelegate.swift */,
				C8ACE3771A2CFFC700F968CD /* KRWMapViewController.swift */,
				C8ACE3791A2CFFC700F968CD /* Main.storyboard */,
				C8ACE37C1A2CFFC700F968CD /* Images.xcassets */,
				C8ACE37E1A2CFFC700F968CD /* LaunchScreen.xib */,
				C8ACE3731A2CFFC700F968CD /* Supporting Files */,
			);
			path = Spot;
			sourceTree = "<group>";
		};
		C8ACE3731A2CFFC700F968CD /* Supporting Files */ = {
			isa = PBXGroup;
			children = (
				C8ACE3741A2CFFC700F968CD /* Info.plist */,
			);
			name = "Supporting Files";
			sourceTree = "<group>";
		};
		C8ACE3881A2CFFC700F968CD /* SpotTests */ = {
			isa = PBXGroup;
			children = (
				C8ACE38B1A2CFFC700F968CD /* SpotTests.swift */,
				C8ACE3891A2CFFC700F968CD /* Supporting Files */,
			);
			path = SpotTests;
			sourceTree = "<group>";
		};
		C8ACE3891A2CFFC700F968CD /* Supporting Files */ = {
			isa = PBXGroup;
			children = (
				C8ACE38A1A2CFFC700F968CD /* Info.plist */,
			);
			name = "Supporting Files";
			sourceTree = "<group>";
		};
/* End PBXGroup section */

/* Begin PBXNativeTarget section */
		C8ACE36F1A2CFFC700F968CD /* Spot */ = {
			isa = PBXNativeTarget;
			buildConfigurationList = C8ACE38F1A2CFFC700F968CD /* Build configuration list for PBXNativeTarget "Spot" */;
			buildPhases = (
				C8ACE36C1A2CFFC700F968CD /* Sources */,
				C8ACE36D1A2CFFC700F968CD /* Frameworks */,
				C8ACE36E1A2CFFC700F968CD /* Resources */,
			);
			buildRules = (
			);
			dependencies = (
			);
			name = Spot;
			productName = Spot;
			productReference = C8ACE3701A2CFFC700F968CD /* Spot.app */;
			productType = "com.apple.product-type.application";
		};
		C8ACE3841A2CFFC700F968CD /* SpotTests */ = {
			isa = PBXNativeTarget;
			buildConfigurationList = C8ACE3921A2CFFC700F968CD /* Build configuration list for PBXNativeTarget "SpotTests" */;
			buildPhases = (
				C8ACE3811A2CFFC700F968CD /* Sources */,
				C8ACE3821A2CFFC700F968CD /* Frameworks */,
				C8ACE3831A2CFFC700F968CD /* Resources */,
			);
			buildRules = (
			);
			dependencies = (
				C8ACE3871A2CFFC700F968CD /* PBXTargetDependency */,
			);
			name = SpotTests;
			productName = SpotTests;
			productReference = C8ACE3851A2CFFC700F968CD /* SpotTests.xctest */;
			productType = "com.apple.product-type.bundle.unit-test";
		};
/* End PBXNativeTarget section */

/* Begin PBXProject section */
		C8ACE3681A2CFFC700F968CD /* Project object */ = {
			isa = PBXProject;
			attributes = {
				LastUpgradeCheck = 0610;
				ORGANIZATIONNAME = K.Wachendorff;
				TargetAttributes = {
					C8ACE36F1A2CFFC700F968CD = {
						CreatedOnToolsVersion = 6.1.1;
					};
					C8ACE3841A2CFFC700F968CD = {
						CreatedOnToolsVersion = 6.1.1;
						TestTargetID = C8ACE36F1A2CFFC700F968CD;
					};
				};
			};
			buildConfigurationList = C8ACE36B1A2CFFC700F968CD /* Build configuration list for PBXProject "Spot" */;
			compatibilityVersion = "Xcode 3.2";
			developmentRegion = English;
			hasScannedForEncodings = 0;
			knownRegions = (
				en,
				Base,
			);
			mainGroup = C8ACE3671A2CFFC700F968CD;
			productRefGroup = C8ACE3711A2CFFC700F968CD /* Products */;
			projectDirPath = "";
			projectRoot = "";
			targets = (
				C8ACE36F1A2CFFC700F968CD /* Spot */,
				C8ACE3841A2CFFC700F968CD /* SpotTests */,
			);
		};
/* End PBXProject section */

/* Begin PBXResourcesBuildPhase section */
		C8ACE36E1A2CFFC700F968CD /* Resources */ = {
			isa = PBXResourcesBuildPhase;
			buildActionMask = 2147483647;
			files = (
				C8ACE37B1A2CFFC700F968CD /* Main.storyboard in Resources */,
				C8ACE3801A2CFFC700F968CD /* LaunchScreen.xib in Resources */,
				C8ACE37D1A2CFFC700F968CD /* Images.xcassets in Resources */,
			);
			runOnlyForDeploymentPostprocessing = 0;
		};
		C8ACE3831A2CFFC700F968CD /* Resources */ = {
			isa = PBXResourcesBuildPhase;
			buildActionMask = 2147483647;
			files = (
			);
			runOnlyForDeploymentPostprocessing = 0;
		};
/* End PBXResourcesBuildPhase section */

/* Begin PBXSourcesBuildPhase section */
		C8ACE36C1A2CFFC700F968CD /* Sources */ = {
			isa = PBXSourcesBuildPhase;
			buildActionMask = 2147483647;
			files = (
				C8ACE3781A2CFFC700F968CD /* KRWMapViewController.swift in Sources */,
				C8ACE3761A2CFFC700F968CD /* AppDelegate.swift in Sources */,
			);
			runOnlyForDeploymentPostprocessing = 0;
		};
		C8ACE3811A2CFFC700F968CD /* Sources */ = {
			isa = PBXSourcesBuildPhase;
			buildActionMask = 2147483647;
			files = (
				C8ACE38C1A2CFFC700F968CD /* SpotTests.swift in Sources */,
			);
			runOnlyForDeploymentPostprocessing = 0;
		};
/* End PBXSourcesBuildPhase section */

/* Begin PBXTargetDependency section */
		C8ACE3871A2CFFC700F968CD /* PBXTargetDependency */ = {
			isa = PBXTargetDependency;
			target = C8ACE36F1A2CFFC700F968CD /* Spot */;
			targetProxy = C8ACE3861A2CFFC700F968CD /* PBXContainerItemProxy */;
		};
/* End PBXTargetDependency section */

/* Begin PBXVariantGroup section */
		C8ACE3791A2CFFC700F968CD /* Main.storyboard */ = {
			isa = PBXVariantGroup;
			children = (
				C8ACE37A1A2CFFC700F968CD /* Base */,
			);
			name = Main.storyboard;
			sourceTree = "<group>";
		};
		C8ACE37E1A2CFFC700F968CD /* LaunchScreen.xib */ = {
			isa = PBXVariantGroup;
			children = (
				C8ACE37F1A2CFFC700F968CD /* Base */,
			);
			name = LaunchScreen.xib;
			sourceTree = "<group>";
		};
/* End PBXVariantGroup section */

/* Begin XCBuildConfiguration section */
		C8ACE38D1A2CFFC700F968CD /* Debug */ = {
			isa = XCBuildConfiguration;
			buildSettings = {
				ALWAYS_SEARCH_USER_PATHS = NO;
				CLANG_CXX_LANGUAGE_STANDARD = "gnu++0x";
				CLANG_CXX_LIBRARY = "libc++";
				CLANG_ENABLE_MODULES = YES;
				CLANG_ENABLE_OBJC_ARC = YES;
				CLANG_WARN_BOOL_CONVERSION = YES;
				CLANG_WARN_CONSTANT_CONVERSION = YES;
				CLANG_WARN_DIRECT_OBJC_ISA_USAGE = YES_ERROR;
				CLANG_WARN_EMPTY_BODY = YES;
				CLANG_WARN_ENUM_CONVERSION = YES;
				CLANG_WARN_INT_CONVERSION = YES;
				CLANG_WARN_OBJC_ROOT_CLASS = YES_ERROR;
				CLANG_WARN_UNREACHABLE_CODE = YES;
				CLANG_WARN__DUPLICATE_METHOD_MATCH = YES;
				"CODE_SIGN_IDENTITY[sdk=iphoneos*]" = "iPhone Developer";
				COPY_PHASE_STRIP = NO;
				ENABLE_STRICT_OBJC_MSGSEND = YES;
				GCC_C_LANGUAGE_STANDARD = gnu99;
				GCC_DYNAMIC_NO_PIC = NO;
				GCC_OPTIMIZATION_LEVEL = 0;
				GCC_PREPROCESSOR_DEFINITIONS = (
					"DEBUG=1",
					"$(inherited)",
				);
				GCC_SYMBOLS_PRIVATE_EXTERN = NO;
				GCC_WARN_64_TO_32_BIT_CONVERSION = YES;
				GCC_WARN_ABOUT_RETURN_TYPE = YES_ERROR;
				GCC_WARN_UNDECLARED_SELECTOR = YES;
				GCC_WARN_UNINITIALIZED_AUTOS = YES_AGGRESSIVE;
				GCC_WARN_UNUSED_FUNCTION = YES;
				GCC_WARN_UNUSED_VARIABLE = YES;
				IPHONEOS_DEPLOYMENT_TARGET = 8.1;
				MTL_ENABLE_DEBUG_INFO = YES;
				ONLY_ACTIVE_ARCH = YES;
				SDKROOT = iphoneos;
				SWIFT_OPTIMIZATION_LEVEL = "-Onone";
			};
			name = Debug;
		};
		C8ACE38E1A2CFFC700F968CD /* Release */ = {
			isa = XCBuildConfiguration;
			buildSettings = {
				ALWAYS_SEARCH_USER_PATHS = NO;
				CLANG_CXX_LANGUAGE_STANDARD = "gnu++0x";
				CLANG_CXX_LIBRARY = "libc++";
				CLANG_ENABLE_MODULES = YES;
				CLANG_ENABLE_OBJC_ARC = YES;
				CLANG_WARN_BOOL_CONVERSION = YES;
				CLANG_WARN_CONSTANT_CONVERSION = YES;
				CLANG_WARN_DIRECT_OBJC_ISA_USAGE = YES_ERROR;
				CLANG_WARN_EMPTY_BODY = YES;
				CLANG_WARN_ENUM_CONVERSION = YES;
				CLANG_WARN_INT_CONVERSION = YES;
				CLANG_WARN_OBJC_ROOT_CLASS = YES_ERROR;
				CLANG_WARN_UNREACHABLE_CODE = YES;
				CLANG_WARN__DUPLICATE_METHOD_MATCH = YES;
				"CODE_SIGN_IDENTITY[sdk=iphoneos*]" = "iPhone Developer";
				COPY_PHASE_STRIP = YES;
				ENABLE_NS_ASSERTIONS = NO;
				ENABLE_STRICT_OBJC_MSGSEND = YES;
				GCC_C_LANGUAGE_STANDARD = gnu99;
				GCC_WARN_64_TO_32_BIT_CONVERSION = YES;
				GCC_WARN_ABOUT_RETURN_TYPE = YES_ERROR;
				GCC_WARN_UNDECLARED_SELECTOR = YES;
				GCC_WARN_UNINITIALIZED_AUTOS = YES_AGGRESSIVE;
				GCC_WARN_UNUSED_FUNCTION = YES;
				GCC_WARN_UNUSED_VARIABLE = YES;
				IPHONEOS_DEPLOYMENT_TARGET = 8.1;
				MTL_ENABLE_DEBUG_INFO = NO;
				SDKROOT = iphoneos;
				VALIDATE_PRODUCT = YES;
			};
			name = Release;
		};
		C8ACE3901A2CFFC700F968CD /* Debug */ = {
			isa = XCBuildConfiguration;
			buildSettings = {
				ASSETCATALOG_COMPILER_APPICON_NAME = AppIcon;
				INFOPLIST_FILE = Spot/Info.plist;
				LD_RUNPATH_SEARCH_PATHS = "$(inherited) @executable_path/Frameworks";
				PRODUCT_NAME = "$(TARGET_NAME)";
			};
			name = Debug;
		};
		C8ACE3911A2CFFC700F968CD /* Release */ = {
			isa = XCBuildConfiguration;
			buildSettings = {
				ASSETCATALOG_COMPILER_APPICON_NAME = AppIcon;
				INFOPLIST_FILE = Spot/Info.plist;
				LD_RUNPATH_SEARCH_PATHS = "$(inherited) @executable_path/Frameworks";
				PRODUCT_NAME = "$(TARGET_NAME)";
			};
			name = Release;
		};
		C8ACE3931A2CFFC700F968CD /* Debug */ = {
			isa = XCBuildConfiguration;
			buildSettings = {
				BUNDLE_LOADER = "$(TEST_HOST)";
				FRAMEWORK_SEARCH_PATHS = (
					"$(SDKROOT)/Developer/Library/Frameworks",
					"$(inherited)",
				);
				GCC_PREPROCESSOR_DEFINITIONS = (
					"DEBUG=1",
					"$(inherited)",
				);
				INFOPLIST_FILE = SpotTests/Info.plist;
				LD_RUNPATH_SEARCH_PATHS = "$(inherited) @executable_path/Frameworks @loader_path/Frameworks";
				PRODUCT_NAME = "$(TARGET_NAME)";
				TEST_HOST = "$(BUILT_PRODUCTS_DIR)/Spot.app/Spot";
			};
			name = Debug;
		};
		C8ACE3941A2CFFC700F968CD /* Release */ = {
			isa = XCBuildConfiguration;
			buildSettings = {
				BUNDLE_LOADER = "$(TEST_HOST)";
				FRAMEWORK_SEARCH_PATHS = (
					"$(SDKROOT)/Developer/Library/Frameworks",
					"$(inherited)",
				);
				INFOPLIST_FILE = SpotTests/Info.plist;
				LD_RUNPATH_SEARCH_PATHS = "$(inherited) @executable_path/Frameworks @loader_path/Frameworks";
				PRODUCT_NAME = "$(TARGET_NAME)";
				TEST_HOST = "$(BUILT_PRODUCTS_DIR)/Spot.app/Spot";
			};
			name = Release;
		};
/* End XCBuildConfiguration section */

/* Begin XCConfigurationList section */
		C8ACE36B1A2CFFC700F968CD /* Build configuration list for PBXProject "Spot" */ = {
			isa = XCConfigurationList;
			buildConfigurations = (
				C8ACE38D1A2CFFC700F968CD /* Debug */,
				C8ACE38E1A2CFFC700F968CD /* Release */,
			);
			defaultConfigurationIsVisible = 0;
			defaultConfigurationName = Release;
		};
		C8ACE38F1A2CFFC700F968CD /* Build configuration list for PBXNativeTarget "Spot" */ = {
			isa = XCConfigurationList;
			buildConfigurations = (
				C8ACE3901A2CFFC700F968CD /* Debug */,
				C8ACE3911A2CFFC700F968CD /* Release */,
			);
			defaultConfigurationIsVisible = 0;
			defaultConfigurationName = Release;
		};
		C8ACE3921A2CFFC700F968CD /* Build configuration list for PBXNativeTarget "SpotTests" */ = {
			isa = XCConfigurationList;
			buildConfigurations = (
				C8ACE3931A2CFFC700F968CD /* Debug */,
				C8ACE3941A2CFFC700F968CD /* Release */,
			);
			defaultConfigurationIsVisible = 0;
			defaultConfigurationName = Release;
		};
/* End XCConfigurationList section */
	};
	rootObject = C8ACE3681A2CFFC700F968CD /* Project object */;
}
